// !$*UTF8*$!
{
	archiveVersion = 1;
	classes = {
	};
	objectVersion = 77;
	objects = {

/* Begin PBXBuildFile section */
		0BA3A80F60729B99283CC24F /* Components.swift in Sources */ = {isa = PBXBuildFile; fileRef = F99C166FA6BE1FBE9A3BFE98 /* Components.swift */; };
		0BEB9CB4AE7EF3AF1D7A5579 /* RecNotesView.swift in Sources */ = {isa = PBXBuildFile; fileRef = 7DB40B8E7714F4878A2B4A3F /* RecNotesView.swift */; };
		0D4AEB785038CC660BC0971E /* APIClient.swift in Sources */ = {isa = PBXBuildFile; fileRef = 1789733F05F834AF2551531A /* APIClient.swift */; };
		18ADB07BB6FD98EAEA9299D5 /* LeadsCheckoutSheet.swift in Sources */ = {isa = PBXBuildFile; fileRef = 59EC2F5530E2E00E9348098D /* LeadsCheckoutSheet.swift */; };
		19E6275F147F8C90568BF650 /* PatientImportView.swift in Sources */ = {isa = PBXBuildFile; fileRef = C2F6A455F161AADA394EF4EB /* PatientImportView.swift */; };
		1A387C9314EAE346F3C5EE61 /* Skeleton.swift in Sources */ = {isa = PBXBuildFile; fileRef = 22B1731D2888D6B675ED0C87 /* Skeleton.swift */; };
		1BB72C1B1937D3208B6B099B /* AuthForgotPasswordView.swift in Sources */ = {isa = PBXBuildFile; fileRef = F927E4106A52CE6F67BEAAAF /* AuthForgotPasswordView.swift */; };
		255F8DA4CB2D23CAA223AB6D /* LeadsCreditsView.swift in Sources */ = {isa = PBXBuildFile; fileRef = 7173C710F75ACB3A65D24C2F /* LeadsCreditsView.swift */; };
		2B178361140F9AE7D9E98E8B /* LeadsListView.swift in Sources */ = {isa = PBXBuildFile; fileRef = 396B0F27E3E0288FA83B3B9E /* LeadsListView.swift */; };
		2B6B48C42A2D06108DC9AC50 /* FilesHomeView.swift in Sources */ = {isa = PBXBuildFile; fileRef = 92C1A41EBF5A17F0536A057A /* FilesHomeView.swift */; };
		2BF58C1F88428F92113CFE20 /* SetAgendaView.swift in Sources */ = {isa = PBXBuildFile; fileRef = 53746DAEF71E1D9E71CBE881 /* SetAgendaView.swift */; };
		33C660AED734907472507A9D /* SmokeUITests.swift in Sources */ = {isa = PBXBuildFile; fileRef = B4BAD228FD3C540AF4186B1F /* SmokeUITests.swift */; };
		3482D9BC4012A09AC56B15B7 /* PatientDetailView.swift in Sources */ = {isa = PBXBuildFile; fileRef = 3B9847DB566C59DF73787EE0 /* PatientDetailView.swift */; };
		38C921926CDF68C65473C368 /* NotificationsView.swift in Sources */ = {isa = PBXBuildFile; fileRef = 969DDEC8B91D4D2926F0F47B /* NotificationsView.swift */; };
		3CCAF35FA2DC109DFB0F5732 /* Theme.swift in Sources */ = {isa = PBXBuildFile; fileRef = 9668296259B004E93A2F0F89 /* Theme.swift */; };
		3E042D3BEAC4CD50F9C2110C /* SetSignatureCanvasView.swift in Sources */ = {isa = PBXBuildFile; fileRef = 36E70D53F96ED11307D89641 /* SetSignatureCanvasView.swift */; };
		40F18649584AB33299A43D18 /* FinChargesView.swift in Sources */ = {isa = PBXBuildFile; fileRef = 88D6EA9C529ACEB75B4D307B /* FinChargesView.swift */; };
		458DC8E372ED4A45E7226F87 /* Assets.xcassets in Resources */ = {isa = PBXBuildFile; fileRef = EFBB5855CFB70FDC49BEFDDC /* Assets.xcassets */; };
		459B04B35A8F8830B6599151 /* PatientModels.swift in Sources */ = {isa = PBXBuildFile; fileRef = A2BB62754D9694D79708E833 /* PatientModels.swift */; };
		4A4765DDF358E15D1687DCA1 /* FinWalletView.swift in Sources */ = {isa = PBXBuildFile; fileRef = 79EF8C44EBDA0F5548240FDD /* FinWalletView.swift */; };
		4CC72E142DE9A14B6294FC67 /* AuthComponents.swift in Sources */ = {isa = PBXBuildFile; fileRef = 5FC2F6EF4852925C086AE4DB /* AuthComponents.swift */; };
		4E19B3EE4AB9D9F96AB7AF10 /* SetGroupsView.swift in Sources */ = {isa = PBXBuildFile; fileRef = 5BDB3BC791649306E74EE255 /* SetGroupsView.swift */; };
		4EC38F7D17E6BD78A541FA40 /* FinChargeFormView.swift in Sources */ = {isa = PBXBuildFile; fileRef = 54FDB80F2DECE037A88B025D /* FinChargeFormView.swift */; };
		5FBF0B1AE8BC02807F701972 /* SetOfficeView.swift in Sources */ = {isa = PBXBuildFile; fileRef = 446E9A5DEC0A9B75EC4C8E1B /* SetOfficeView.swift */; };
		60E73004478C5541FAE16BD6 /* SetProfileView.swift in Sources */ = {isa = PBXBuildFile; fileRef = 7428CD1FAD206B3F5EB288DE /* SetProfileView.swift */; };
		631E80EB62E890DFEEA7025E /* LeadsModels.swift in Sources */ = {isa = PBXBuildFile; fileRef = BC36D6F293E32EC2A6F776AE /* LeadsModels.swift */; };
		65B1D6AC209FBB9F131110EF /* LoginFlowView.swift in Sources */ = {isa = PBXBuildFile; fileRef = A8873019933013DFFFB1133D /* LoginFlowView.swift */; };
		687DBF263267656969102365 /* FinanceHomeView.swift in Sources */ = {isa = PBXBuildFile; fileRef = 1E13313F1B76B704FD227550 /* FinanceHomeView.swift */; };
		68F95008DD2D9D159BD00EFC /* TerapiaAcolherApp.swift in Sources */ = {isa = PBXBuildFile; fileRef = 5FDF870286A4B47A922F4A49 /* TerapiaAcolherApp.swift */; };
		696E7D2A9F8B874010333E99 /* NetworkMonitor.swift in Sources */ = {isa = PBXBuildFile; fileRef = ABDE1A8DEBED550B47D073AD /* NetworkMonitor.swift */; };
		6AD30657F7B1D9B92EF167E8 /* FinTransactionFormView.swift in Sources */ = {isa = PBXBuildFile; fileRef = 1D61DB26EF0328C8A2A6DDE7 /* FinTransactionFormView.swift */; };
		6B95BDF5C1A48CFB95FE01D7 /* SettingsHomeView.swift in Sources */ = {isa = PBXBuildFile; fileRef = 103D3C6C1D2865961396D1FE /* SettingsHomeView.swift */; };
		6C2B9887821B69F4C7BAC3B2 /* LeadsStore.swift in Sources */ = {isa = PBXBuildFile; fileRef = 5012CFFF93FF064FD56C73E5 /* LeadsStore.swift */; };
		6E5221EDAF735C8733EE9C20 /* SessionStore.swift in Sources */ = {isa = PBXBuildFile; fileRef = 53416F117F1C16CDACE718AB /* SessionStore.swift */; };
		6EAD3A80068BBA084E4DDDB4 /* RecordsHomeView.swift in Sources */ = {isa = PBXBuildFile; fileRef = B9C107DD9807B398A641726F /* RecordsHomeView.swift */; };
		74FB485AE0CF100E8C247B27 /* AgendaModels.swift in Sources */ = {isa = PBXBuildFile; fileRef = 3A6AD23E7AE579FB3482C68C /* AgendaModels.swift */; };
		76910CA929B7F840C92DCFB0 /* VitrineProfileView.swift in Sources */ = {isa = PBXBuildFile; fileRef = 440E2C09FB9D18B43DFFFC7E /* VitrineProfileView.swift */; };
		78A690582F3CBDB882596B8A /* DocumentsModels.swift in Sources */ = {isa = PBXBuildFile; fileRef = 97AD8214239075ECEC359E66 /* DocumentsModels.swift */; };
		7B24099169F89E4F8D0683D6 /* SetModels.swift in Sources */ = {isa = PBXBuildFile; fileRef = CD19D30BA20132213C2BA7C8 /* SetModels.swift */; };
		7EA5A2064CFF61D533B69F87 /* Keychain.swift in Sources */ = {isa = PBXBuildFile; fileRef = ABF1CCAD1FB84DC6C3DB02BC /* Keychain.swift */; };
		7F68A4F8E126B765B061E9E1 /* DesignAuditUITests.swift in Sources */ = {isa = PBXBuildFile; fileRef = 205F5E639DBAE925963E3835 /* DesignAuditUITests.swift */; };
		807179436B4DF34196267778 /* AgendaWeekView.swift in Sources */ = {isa = PBXBuildFile; fileRef = C2C3751A7ACC9291A6B561A7 /* AgendaWeekView.swift */; };
		8107C33634FCAE7F966D4470 /* DashModels.swift in Sources */ = {isa = PBXBuildFile; fileRef = 08BC7C70CD62C98716637F27 /* DashModels.swift */; };
		84FBAE960242C07A997EA92C /* RecordFormViews.swift in Sources */ = {isa = PBXBuildFile; fileRef = 38A0E4CC76AD29C3A89EE662 /* RecordFormViews.swift */; };
		86D5C6F834CC87360ABE2AD4 /* SetDeleteAccountView.swift in Sources */ = {isa = PBXBuildFile; fileRef = 1B8B3889A5F2DAF773B98706 /* SetDeleteAccountView.swift */; };
		87BAA306CD43A2F29E3E3888 /* LoginOnlyUITests.swift in Sources */ = {isa = PBXBuildFile; fileRef = 352ABA2D9A3498B577E4F164 /* LoginOnlyUITests.swift */; };
		8BFB66D3F08EA932DFD1C5DD /* RemoteAvatar.swift in Sources */ = {isa = PBXBuildFile; fileRef = D705A4FBA1AF73A5FAEA767A /* RemoteAvatar.swift */; };
		8F09E21C11FC26334AEB157E /* MainShellView.swift in Sources */ = {isa = PBXBuildFile; fileRef = 3E780E491CDC3590D9A271CE /* MainShellView.swift */; };
		91A90CF7EF895CC8A1BD6FBC /* DocGenerateView.swift in Sources */ = {isa = PBXBuildFile; fileRef = D8A201782BAFC2ED79635898 /* DocGenerateView.swift */; };
		93C857D2F23A9DD26F0A4F55 /* PatientMainDataView.swift in Sources */ = {isa = PBXBuildFile; fileRef = 8CA6E6821A5437545E324147 /* PatientMainDataView.swift */; };
		9C5A2D6030A9DF09BC3BE18C /* AgendaSessionDetailView.swift in Sources */ = {isa = PBXBuildFile; fileRef = 536ABD6A6287A79A80413193 /* AgendaSessionDetailView.swift */; };
		A1AAAFD10C8847E502F7239A /* PushManager.swift in Sources */ = {isa = PBXBuildFile; fileRef = 240502A0413DC924044FDCA4 /* PushManager.swift */; };
		A5318F649346084D0A4F1BC2 /* LeadDetailView.swift in Sources */ = {isa = PBXBuildFile; fileRef = 0377288FE401272734328942 /* LeadDetailView.swift */; };
		A624BE0A5B54B0E3A8407E48 /* FinanceShared.swift in Sources */ = {isa = PBXBuildFile; fileRef = 53E0558EBFC4D9F09706052A /* FinanceShared.swift */; };
		A69A560AA3CD0298FEBCC25D /* VitrineModels.swift in Sources */ = {isa = PBXBuildFile; fileRef = CE819E7AD41C1A53752E9714 /* VitrineModels.swift */; };
		A97DFF148E13E2636A17C97B /* FilesModels.swift in Sources */ = {isa = PBXBuildFile; fileRef = 9300DA65BEE554BD3BD178FC /* FilesModels.swift */; };
		A9977DB24E98EA795EBD84AD /* DocumentsHomeView.swift in Sources */ = {isa = PBXBuildFile; fileRef = 43CE57E1D4EA8CB2BCC16F48 /* DocumentsHomeView.swift */; };
		A9A898CB825ED343C4CEA929 /* SetTemplateEditorView.swift in Sources */ = {isa = PBXBuildFile; fileRef = 28F167C5DA6C3235054D9AD4 /* SetTemplateEditorView.swift */; };
		AF5332356FCCD3E7AEDCF20E /* FinChargeDetailView.swift in Sources */ = {isa = PBXBuildFile; fileRef = 6C45E0EC9FD1D4FB218863B4 /* FinChargeDetailView.swift */; };
		BCAC7313BEF6855C94EB0D82 /* AgendaMonthView.swift in Sources */ = {isa = PBXBuildFile; fileRef = 6C4239C8459754261031FB88 /* AgendaMonthView.swift */; };
		BD65EE0A0DC9A3DE82D4C2DD /* PatientInviteView.swift in Sources */ = {isa = PBXBuildFile; fileRef = 3EAFADD310E650ABB47216CC /* PatientInviteView.swift */; };
		C33805A8046A3C02A1A552F6 /* VitrineView.swift in Sources */ = {isa = PBXBuildFile; fileRef = 56AAC5AE326BCDED2580F132 /* VitrineView.swift */; };
		C75922ABA43C6D783269C2FC /* LogoutDialogUITests.swift in Sources */ = {isa = PBXBuildFile; fileRef = 44AD4BA3621BF9425EC1CC49 /* LogoutDialogUITests.swift */; };
		C7FC031779E0C71A2A0BC680 /* SetChangePasswordView.swift in Sources */ = {isa = PBXBuildFile; fileRef = 1313D5C28C31A524B2C22A7E /* SetChangePasswordView.swift */; };
		E08AC507D0CDB50989E8CAD2 /* AgendaNewSessionView.swift in Sources */ = {isa = PBXBuildFile; fileRef = 427BCD7E8EFA0D3E97D306A3 /* AgendaNewSessionView.swift */; };
		E190B6603A16A6D8F354C80B /* RecordsModels.swift in Sources */ = {isa = PBXBuildFile; fileRef = 270620B50F3F00CA9EB885C7 /* RecordsModels.swift */; };
		E5F190A4DD3FD0D07F4FAC27 /* AiFlowUITests.swift in Sources */ = {isa = PBXBuildFile; fileRef = BDFB60343805E0A349238A47 /* AiFlowUITests.swift */; };
		E95E11420886720B54F77A4F /* SetGoogleView.swift in Sources */ = {isa = PBXBuildFile; fileRef = 784CFCF124134E8A5792C19D /* SetGoogleView.swift */; };
		F1A7201AC6578B0E00A8B427 /* PushOptInSheet.swift in Sources */ = {isa = PBXBuildFile; fileRef = BBCE7F36CF7A21D2086E3D36 /* PushOptInSheet.swift */; };
		F472883B3ADF860906548A01 /* SetTemplatesListView.swift in Sources */ = {isa = PBXBuildFile; fileRef = 270EB5275EB7FA6B199B0DAB /* SetTemplatesListView.swift */; };
		F56CE1EBCDB0FB9030FA5FFA /* FinChargeLinkSheet.swift in Sources */ = {isa = PBXBuildFile; fileRef = C3B9660345E50853BB2AA2FB /* FinChargeLinkSheet.swift */; };
		F6BB08DCF8BD12AF887CFD8E /* FinanceModels.swift in Sources */ = {isa = PBXBuildFile; fileRef = 83BAFF89B5616319BE165106 /* FinanceModels.swift */; };
		F71B220893C9D8B5C6B0E2D8 /* AgendaView.swift in Sources */ = {isa = PBXBuildFile; fileRef = D5CC9EE47B4D16B4B987A168 /* AgendaView.swift */; };
		F80393D15732389739B6A80D /* PatientsListView.swift in Sources */ = {isa = PBXBuildFile; fileRef = 072C9798DC11D2C096035921 /* PatientsListView.swift */; };
		F822337F8E4F33E5AD6C41E9 /* PatientFormView.swift in Sources */ = {isa = PBXBuildFile; fileRef = CD7CA65A2A5D7613058CF359 /* PatientFormView.swift */; };
		F9A95DFA5E8089F59A587DCB /* DashboardView.swift in Sources */ = {isa = PBXBuildFile; fileRef = BB18CE34C1D0C335D5474293 /* DashboardView.swift */; };
		FBB931C8CD61AF4358523439 /* AuthRegisterView.swift in Sources */ = {isa = PBXBuildFile; fileRef = 06EC09CA419374F8D610EF7E /* AuthRegisterView.swift */; };
/* End PBXBuildFile section */

/* Begin PBXContainerItemProxy section */
		D2818F6DE3DB2675B815E6DF /* PBXContainerItemProxy */ = {
			isa = PBXContainerItemProxy;
			containerPortal = 5379200F62E91B2E45A67487 /* Project object */;
			proxyType = 1;
			remoteGlobalIDString = 47E4B5D36A2452E77DF30345;
			remoteInfo = TerapiaAcolher;
		};
/* End PBXContainerItemProxy section */

/* Begin PBXFileReference section */
		0377288FE401272734328942 /* LeadDetailView.swift */ = {isa = PBXFileReference; lastKnownFileType = sourcecode.swift; path = LeadDetailView.swift; sourceTree = "<group>"; };
		06EC09CA419374F8D610EF7E /* AuthRegisterView.swift */ = {isa = PBXFileReference; lastKnownFileType = sourcecode.swift; path = AuthRegisterView.swift; sourceTree = "<group>"; };
		072C9798DC11D2C096035921 /* PatientsListView.swift */ = {isa = PBXFileReference; lastKnownFileType = sourcecode.swift; path = PatientsListView.swift; sourceTree = "<group>"; };
		08BC7C70CD62C98716637F27 /* DashModels.swift */ = {isa = PBXFileReference; lastKnownFileType = sourcecode.swift; path = DashModels.swift; sourceTree = "<group>"; };
		103D3C6C1D2865961396D1FE /* SettingsHomeView.swift */ = {isa = PBXFileReference; lastKnownFileType = sourcecode.swift; path = SettingsHomeView.swift; sourceTree = "<group>"; };
		1313D5C28C31A524B2C22A7E /* SetChangePasswordView.swift */ = {isa = PBXFileReference; lastKnownFileType = sourcecode.swift; path = SetChangePasswordView.swift; sourceTree = "<group>"; };
		1789733F05F834AF2551531A /* APIClient.swift */ = {isa = PBXFileReference; lastKnownFileType = sourcecode.swift; path = APIClient.swift; sourceTree = "<group>"; };
		1B8B3889A5F2DAF773B98706 /* SetDeleteAccountView.swift */ = {isa = PBXFileReference; lastKnownFileType = sourcecode.swift; path = SetDeleteAccountView.swift; sourceTree = "<group>"; };
		1D61DB26EF0328C8A2A6DDE7 /* FinTransactionFormView.swift */ = {isa = PBXFileReference; lastKnownFileType = sourcecode.swift; path = FinTransactionFormView.swift; sourceTree = "<group>"; };
		1E13313F1B76B704FD227550 /* FinanceHomeView.swift */ = {isa = PBXFileReference; lastKnownFileType = sourcecode.swift; path = FinanceHomeView.swift; sourceTree = "<group>"; };
		2046DA6EB27C16CCBDDC64FC /* TerapiaAcolherRelease.entitlements */ = {isa = PBXFileReference; lastKnownFileType = text.plist.entitlements; path = TerapiaAcolherRelease.entitlements; sourceTree = "<group>"; };
		205F5E639DBAE925963E3835 /* DesignAuditUITests.swift */ = {isa = PBXFileReference; lastKnownFileType = sourcecode.swift; path = DesignAuditUITests.swift; sourceTree = "<group>"; };
		22B1731D2888D6B675ED0C87 /* Skeleton.swift */ = {isa = PBXFileReference; lastKnownFileType = sourcecode.swift; path = Skeleton.swift; sourceTree = "<group>"; };
		240502A0413DC924044FDCA4 /* PushManager.swift */ = {isa = PBXFileReference; lastKnownFileType = sourcecode.swift; path = PushManager.swift; sourceTree = "<group>"; };
		270620B50F3F00CA9EB885C7 /* RecordsModels.swift */ = {isa = PBXFileReference; lastKnownFileType = sourcecode.swift; path = RecordsModels.swift; sourceTree = "<group>"; };
		270EB5275EB7FA6B199B0DAB /* SetTemplatesListView.swift */ = {isa = PBXFileReference; lastKnownFileType = sourcecode.swift; path = SetTemplatesListView.swift; sourceTree = "<group>"; };
		28F167C5DA6C3235054D9AD4 /* SetTemplateEditorView.swift */ = {isa = PBXFileReference; lastKnownFileType = sourcecode.swift; path = SetTemplateEditorView.swift; sourceTree = "<group>"; };
		2EDBFF466FB0070EAAF072E7 /* Info.plist */ = {isa = PBXFileReference; lastKnownFileType = text.plist; path = Info.plist; sourceTree = "<group>"; };
		352ABA2D9A3498B577E4F164 /* LoginOnlyUITests.swift */ = {isa = PBXFileReference; lastKnownFileType = sourcecode.swift; path = LoginOnlyUITests.swift; sourceTree = "<group>"; };
		36E70D53F96ED11307D89641 /* SetSignatureCanvasView.swift */ = {isa = PBXFileReference; lastKnownFileType = sourcecode.swift; path = SetSignatureCanvasView.swift; sourceTree = "<group>"; };
		38A0E4CC76AD29C3A89EE662 /* RecordFormViews.swift */ = {isa = PBXFileReference; lastKnownFileType = sourcecode.swift; path = RecordFormViews.swift; sourceTree = "<group>"; };
		396B0F27E3E0288FA83B3B9E /* LeadsListView.swift */ = {isa = PBXFileReference; lastKnownFileType = sourcecode.swift; path = LeadsListView.swift; sourceTree = "<group>"; };
		3A6AD23E7AE579FB3482C68C /* AgendaModels.swift */ = {isa = PBXFileReference; lastKnownFileType = sourcecode.swift; path = AgendaModels.swift; sourceTree = "<group>"; };
		3B9847DB566C59DF73787EE0 /* PatientDetailView.swift */ = {isa = PBXFileReference; lastKnownFileType = sourcecode.swift; path = PatientDetailView.swift; sourceTree = "<group>"; };
		3E780E491CDC3590D9A271CE /* MainShellView.swift */ = {isa = PBXFileReference; lastKnownFileType = sourcecode.swift; path = MainShellView.swift; sourceTree = "<group>"; };
		3EAFADD310E650ABB47216CC /* PatientInviteView.swift */ = {isa = PBXFileReference; lastKnownFileType = sourcecode.swift; path = PatientInviteView.swift; sourceTree = "<group>"; };
		427BCD7E8EFA0D3E97D306A3 /* AgendaNewSessionView.swift */ = {isa = PBXFileReference; lastKnownFileType = sourcecode.swift; path = AgendaNewSessionView.swift; sourceTree = "<group>"; };
		43CE57E1D4EA8CB2BCC16F48 /* DocumentsHomeView.swift */ = {isa = PBXFileReference; lastKnownFileType = sourcecode.swift; path = DocumentsHomeView.swift; sourceTree = "<group>"; };
		440E2C09FB9D18B43DFFFC7E /* VitrineProfileView.swift */ = {isa = PBXFileReference; lastKnownFileType = sourcecode.swift; path = VitrineProfileView.swift; sourceTree = "<group>"; };
		446E9A5DEC0A9B75EC4C8E1B /* SetOfficeView.swift */ = {isa = PBXFileReference; lastKnownFileType = sourcecode.swift; path = SetOfficeView.swift; sourceTree = "<group>"; };
		44AD4BA3621BF9425EC1CC49 /* LogoutDialogUITests.swift */ = {isa = PBXFileReference; lastKnownFileType = sourcecode.swift; path = LogoutDialogUITests.swift; sourceTree = "<group>"; };
		5012CFFF93FF064FD56C73E5 /* LeadsStore.swift */ = {isa = PBXFileReference; lastKnownFileType = sourcecode.swift; path = LeadsStore.swift; sourceTree = "<group>"; };
		53416F117F1C16CDACE718AB /* SessionStore.swift */ = {isa = PBXFileReference; lastKnownFileType = sourcecode.swift; path = SessionStore.swift; sourceTree = "<group>"; };
		536ABD6A6287A79A80413193 /* AgendaSessionDetailView.swift */ = {isa = PBXFileReference; lastKnownFileType = sourcecode.swift; path = AgendaSessionDetailView.swift; sourceTree = "<group>"; };
		53746DAEF71E1D9E71CBE881 /* SetAgendaView.swift */ = {isa = PBXFileReference; lastKnownFileType = sourcecode.swift; path = SetAgendaView.swift; sourceTree = "<group>"; };
		53E0558EBFC4D9F09706052A /* FinanceShared.swift */ = {isa = PBXFileReference; lastKnownFileType = sourcecode.swift; path = FinanceShared.swift; sourceTree = "<group>"; };
		54FDB80F2DECE037A88B025D /* FinChargeFormView.swift */ = {isa = PBXFileReference; lastKnownFileType = sourcecode.swift; path = FinChargeFormView.swift; sourceTree = "<group>"; };
		56AAC5AE326BCDED2580F132 /* VitrineView.swift */ = {isa = PBXFileReference; lastKnownFileType = sourcecode.swift; path = VitrineView.swift; sourceTree = "<group>"; };
		59EC2F5530E2E00E9348098D /* LeadsCheckoutSheet.swift */ = {isa = PBXFileReference; lastKnownFileType = sourcecode.swift; path = LeadsCheckoutSheet.swift; sourceTree = "<group>"; };
		5BDB3BC791649306E74EE255 /* SetGroupsView.swift */ = {isa = PBXFileReference; lastKnownFileType = sourcecode.swift; path = SetGroupsView.swift; sourceTree = "<group>"; };
		5FC2F6EF4852925C086AE4DB /* AuthComponents.swift */ = {isa = PBXFileReference; lastKnownFileType = sourcecode.swift; path = AuthComponents.swift; sourceTree = "<group>"; };
		5FDF870286A4B47A922F4A49 /* TerapiaAcolherApp.swift */ = {isa = PBXFileReference; lastKnownFileType = sourcecode.swift; path = TerapiaAcolherApp.swift; sourceTree = "<group>"; };
		6C4239C8459754261031FB88 /* AgendaMonthView.swift */ = {isa = PBXFileReference; lastKnownFileType = sourcecode.swift; path = AgendaMonthView.swift; sourceTree = "<group>"; };
		6C45E0EC9FD1D4FB218863B4 /* FinChargeDetailView.swift */ = {isa = PBXFileReference; lastKnownFileType = sourcecode.swift; path = FinChargeDetailView.swift; sourceTree = "<group>"; };
		7173C710F75ACB3A65D24C2F /* LeadsCreditsView.swift */ = {isa = PBXFileReference; lastKnownFileType = sourcecode.swift; path = LeadsCreditsView.swift; sourceTree = "<group>"; };
		7428CD1FAD206B3F5EB288DE /* SetProfileView.swift */ = {isa = PBXFileReference; lastKnownFileType = sourcecode.swift; path = SetProfileView.swift; sourceTree = "<group>"; };
		784CFCF124134E8A5792C19D /* SetGoogleView.swift */ = {isa = PBXFileReference; lastKnownFileType = sourcecode.swift; path = SetGoogleView.swift; sourceTree = "<group>"; };
		79EF8C44EBDA0F5548240FDD /* FinWalletView.swift */ = {isa = PBXFileReference; lastKnownFileType = sourcecode.swift; path = FinWalletView.swift; sourceTree = "<group>"; };
		7DB40B8E7714F4878A2B4A3F /* RecNotesView.swift */ = {isa = PBXFileReference; lastKnownFileType = sourcecode.swift; path = RecNotesView.swift; sourceTree = "<group>"; };
		82DE1635A2E3FE74AB93F382 /* TerapiaAcolherUITests.xctest */ = {isa = PBXFileReference; includeInIndex = 0; lastKnownFileType = wrapper.cfbundle; path = TerapiaAcolherUITests.xctest; sourceTree = BUILT_PRODUCTS_DIR; };
		83BAFF89B5616319BE165106 /* FinanceModels.swift */ = {isa = PBXFileReference; lastKnownFileType = sourcecode.swift; path = FinanceModels.swift; sourceTree = "<group>"; };
		88D6EA9C529ACEB75B4D307B /* FinChargesView.swift */ = {isa = PBXFileReference; lastKnownFileType = sourcecode.swift; path = FinChargesView.swift; sourceTree = "<group>"; };
		8CA6E6821A5437545E324147 /* PatientMainDataView.swift */ = {isa = PBXFileReference; lastKnownFileType = sourcecode.swift; path = PatientMainDataView.swift; sourceTree = "<group>"; };
		92C1A41EBF5A17F0536A057A /* FilesHomeView.swift */ = {isa = PBXFileReference; lastKnownFileType = sourcecode.swift; path = FilesHomeView.swift; sourceTree = "<group>"; };
		9300DA65BEE554BD3BD178FC /* FilesModels.swift */ = {isa = PBXFileReference; lastKnownFileType = sourcecode.swift; path = FilesModels.swift; sourceTree = "<group>"; };
		9668296259B004E93A2F0F89 /* Theme.swift */ = {isa = PBXFileReference; lastKnownFileType = sourcecode.swift; path = Theme.swift; sourceTree = "<group>"; };
		969DDEC8B91D4D2926F0F47B /* NotificationsView.swift */ = {isa = PBXFileReference; lastKnownFileType = sourcecode.swift; path = NotificationsView.swift; sourceTree = "<group>"; };
		97AD8214239075ECEC359E66 /* DocumentsModels.swift */ = {isa = PBXFileReference; lastKnownFileType = sourcecode.swift; path = DocumentsModels.swift; sourceTree = "<group>"; };
		A2BB62754D9694D79708E833 /* PatientModels.swift */ = {isa = PBXFileReference; lastKnownFileType = sourcecode.swift; path = PatientModels.swift; sourceTree = "<group>"; };
		A77D84A9675752117D31F213 /* TerapiaAcolher.app */ = {isa = PBXFileReference; includeInIndex = 0; lastKnownFileType = wrapper.application; path = TerapiaAcolher.app; sourceTree = BUILT_PRODUCTS_DIR; };
		A8873019933013DFFFB1133D /* LoginFlowView.swift */ = {isa = PBXFileReference; lastKnownFileType = sourcecode.swift; path = LoginFlowView.swift; sourceTree = "<group>"; };
		ABDE1A8DEBED550B47D073AD /* NetworkMonitor.swift */ = {isa = PBXFileReference; lastKnownFileType = sourcecode.swift; path = NetworkMonitor.swift; sourceTree = "<group>"; };
		ABF1CCAD1FB84DC6C3DB02BC /* Keychain.swift */ = {isa = PBXFileReference; lastKnownFileType = sourcecode.swift; path = Keychain.swift; sourceTree = "<group>"; };
		B4BAD228FD3C540AF4186B1F /* SmokeUITests.swift */ = {isa = PBXFileReference; lastKnownFileType = sourcecode.swift; path = SmokeUITests.swift; sourceTree = "<group>"; };
		B9C107DD9807B398A641726F /* RecordsHomeView.swift */ = {isa = PBXFileReference; lastKnownFileType = sourcecode.swift; path = RecordsHomeView.swift; sourceTree = "<group>"; };
		BB18CE34C1D0C335D5474293 /* DashboardView.swift */ = {isa = PBXFileReference; lastKnownFileType = sourcecode.swift; path = DashboardView.swift; sourceTree = "<group>"; };
		BBCE7F36CF7A21D2086E3D36 /* PushOptInSheet.swift */ = {isa = PBXFileReference; lastKnownFileType = sourcecode.swift; path = PushOptInSheet.swift; sourceTree = "<group>"; };
		BC36D6F293E32EC2A6F776AE /* LeadsModels.swift */ = {isa = PBXFileReference; lastKnownFileType = sourcecode.swift; path = LeadsModels.swift; sourceTree = "<group>"; };
		BDFB60343805E0A349238A47 /* AiFlowUITests.swift */ = {isa = PBXFileReference; lastKnownFileType = sourcecode.swift; path = AiFlowUITests.swift; sourceTree = "<group>"; };
		C2C3751A7ACC9291A6B561A7 /* AgendaWeekView.swift */ = {isa = PBXFileReference; lastKnownFileType = sourcecode.swift; path = AgendaWeekView.swift; sourceTree = "<group>"; };
		C2F6A455F161AADA394EF4EB /* PatientImportView.swift */ = {isa = PBXFileReference; lastKnownFileType = sourcecode.swift; path = PatientImportView.swift; sourceTree = "<group>"; };
		C3B9660345E50853BB2AA2FB /* FinChargeLinkSheet.swift */ = {isa = PBXFileReference; lastKnownFileType = sourcecode.swift; path = FinChargeLinkSheet.swift; sourceTree = "<group>"; };
		CD19D30BA20132213C2BA7C8 /* SetModels.swift */ = {isa = PBXFileReference; lastKnownFileType = sourcecode.swift; path = SetModels.swift; sourceTree = "<group>"; };
		CD7CA65A2A5D7613058CF359 /* PatientFormView.swift */ = {isa = PBXFileReference; lastKnownFileType = sourcecode.swift; path = PatientFormView.swift; sourceTree = "<group>"; };
		CE819E7AD41C1A53752E9714 /* VitrineModels.swift */ = {isa = PBXFileReference; lastKnownFileType = sourcecode.swift; path = VitrineModels.swift; sourceTree = "<group>"; };
		D5CC9EE47B4D16B4B987A168 /* AgendaView.swift */ = {isa = PBXFileReference; lastKnownFileType = sourcecode.swift; path = AgendaView.swift; sourceTree = "<group>"; };
		D705A4FBA1AF73A5FAEA767A /* RemoteAvatar.swift */ = {isa = PBXFileReference; lastKnownFileType = sourcecode.swift; path = RemoteAvatar.swift; sourceTree = "<group>"; };
		D8A201782BAFC2ED79635898 /* DocGenerateView.swift */ = {isa = PBXFileReference; lastKnownFileType = sourcecode.swift; path = DocGenerateView.swift; sourceTree = "<group>"; };
		EFBB5855CFB70FDC49BEFDDC /* Assets.xcassets */ = {isa = PBXFileReference; lastKnownFileType = folder.assetcatalog; path = Assets.xcassets; sourceTree = "<group>"; };
		F8F9B5545BEAF9C27F61336E /* TerapiaAcolher.entitlements */ = {isa = PBXFileReference; lastKnownFileType = text.plist.entitlements; path = TerapiaAcolher.entitlements; sourceTree = "<group>"; };
		F927E4106A52CE6F67BEAAAF /* AuthForgotPasswordView.swift */ = {isa = PBXFileReference; lastKnownFileType = sourcecode.swift; path = AuthForgotPasswordView.swift; sourceTree = "<group>"; };
		F99C166FA6BE1FBE9A3BFE98 /* Components.swift */ = {isa = PBXFileReference; lastKnownFileType = sourcecode.swift; path = Components.swift; sourceTree = "<group>"; };
/* End PBXFileReference section */

/* Begin PBXGroup section */
		04049D479674E2ED4F027BFE /* Files */ = {
			isa = PBXGroup;
			children = (
				92C1A41EBF5A17F0536A057A /* FilesHomeView.swift */,
				9300DA65BEE554BD3BD178FC /* FilesModels.swift */,
			);
			path = Files;
			sourceTree = "<group>";
		};
		14E151E8211DD7DBB6011011 /* App */ = {
			isa = PBXGroup;
			children = (
				3E780E491CDC3590D9A271CE /* MainShellView.swift */,
				5FDF870286A4B47A922F4A49 /* TerapiaAcolherApp.swift */,
			);
			path = App;
			sourceTree = "<group>";
		};
		19C8AFD23908F2608EDF2826 /* Settings */ = {
			isa = PBXGroup;
			children = (
				53746DAEF71E1D9E71CBE881 /* SetAgendaView.swift */,
				1313D5C28C31A524B2C22A7E /* SetChangePasswordView.swift */,
				1B8B3889A5F2DAF773B98706 /* SetDeleteAccountView.swift */,
				784CFCF124134E8A5792C19D /* SetGoogleView.swift */,
				5BDB3BC791649306E74EE255 /* SetGroupsView.swift */,
				CD19D30BA20132213C2BA7C8 /* SetModels.swift */,
				446E9A5DEC0A9B75EC4C8E1B /* SetOfficeView.swift */,
				7428CD1FAD206B3F5EB288DE /* SetProfileView.swift */,
				36E70D53F96ED11307D89641 /* SetSignatureCanvasView.swift */,
				28F167C5DA6C3235054D9AD4 /* SetTemplateEditorView.swift */,
				270EB5275EB7FA6B199B0DAB /* SetTemplatesListView.swift */,
				103D3C6C1D2865961396D1FE /* SettingsHomeView.swift */,
			);
			path = Settings;
			sourceTree = "<group>";
		};
		22E9D79FFF103D408976296F /* Documents */ = {
			isa = PBXGroup;
			children = (
				D8A201782BAFC2ED79635898 /* DocGenerateView.swift */,
				43CE57E1D4EA8CB2BCC16F48 /* DocumentsHomeView.swift */,
				97AD8214239075ECEC359E66 /* DocumentsModels.swift */,
			);
			path = Documents;
			sourceTree = "<group>";
		};
		370F68979CFB45887A50A70D /* Products */ = {
			isa = PBXGroup;
			children = (
				A77D84A9675752117D31F213 /* TerapiaAcolher.app */,
				82DE1635A2E3FE74AB93F382 /* TerapiaAcolherUITests.xctest */,
			);
			name = Products;
			sourceTree = "<group>";
		};
		43F4B986153546FEE48E9D16 /* Network */ = {
			isa = PBXGroup;
			children = (
				1789733F05F834AF2551531A /* APIClient.swift */,
				ABDE1A8DEBED550B47D073AD /* NetworkMonitor.swift */,
			);
			path = Network;
			sourceTree = "<group>";
		};
		53B99697734D99D9E07FCA03 /* Storage */ = {
			isa = PBXGroup;
			children = (
				ABF1CCAD1FB84DC6C3DB02BC /* Keychain.swift */,
			);
			path = Storage;
			sourceTree = "<group>";
		};
		570CD52F39A08A87D5BBB092 /* TerapiaAcolher */ = {
			isa = PBXGroup;
			children = (
				14E151E8211DD7DBB6011011 /* App */,
				F351645D684D476BDCFAF9B2 /* Core */,
				FE9EDEB78B588408D4BFB5B9 /* DesignSystem */,
				570DD51071E28D1803FB97B3 /* Features */,
				CC7AD535F1D781B134AA6685 /* Resources */,
			);
			path = TerapiaAcolher;
			sourceTree = "<group>";
		};
		570DD51071E28D1803FB97B3 /* Features */ = {
			isa = PBXGroup;
			children = (
				A3AC7FFA42BAFCBE59B63BFB /* Agenda */,
				E8BA40D7310B97239DDD2F0A /* Auth */,
				FBD2F3CD0A5FC8F8F67F75C3 /* Dashboard */,
				22E9D79FFF103D408976296F /* Documents */,
				04049D479674E2ED4F027BFE /* Files */,
				7339D8B9EF644456C497387C /* Finance */,
				F15CA7DCA86C1D0153DE8A14 /* Leads */,
				5D5CA77A1FFB324F0A86D57E /* Notifications */,
				EEF7B99F601D436792CDF132 /* Patients */,
				9A4B67482D8BF4498420016D /* Records */,
				19C8AFD23908F2608EDF2826 /* Settings */,
				D0D13498B26994E3C90B8523 /* Vitrine */,
			);
			path = Features;
			sourceTree = "<group>";
		};
		5D5CA77A1FFB324F0A86D57E /* Notifications */ = {
			isa = PBXGroup;
			children = (
				969DDEC8B91D4D2926F0F47B /* NotificationsView.swift */,
				BBCE7F36CF7A21D2086E3D36 /* PushOptInSheet.swift */,
			);
			path = Notifications;
			sourceTree = "<group>";
		};
		5EAC9F04C97656F55DD2394A /* Auth */ = {
			isa = PBXGroup;
			children = (
				53416F117F1C16CDACE718AB /* SessionStore.swift */,
			);
			path = Auth;
			sourceTree = "<group>";
		};
		7339D8B9EF644456C497387C /* Finance */ = {
			isa = PBXGroup;
			children = (
				1E13313F1B76B704FD227550 /* FinanceHomeView.swift */,
				83BAFF89B5616319BE165106 /* FinanceModels.swift */,
				53E0558EBFC4D9F09706052A /* FinanceShared.swift */,
				6C45E0EC9FD1D4FB218863B4 /* FinChargeDetailView.swift */,
				54FDB80F2DECE037A88B025D /* FinChargeFormView.swift */,
				C3B9660345E50853BB2AA2FB /* FinChargeLinkSheet.swift */,
				88D6EA9C529ACEB75B4D307B /* FinChargesView.swift */,
				1D61DB26EF0328C8A2A6DDE7 /* FinTransactionFormView.swift */,
				79EF8C44EBDA0F5548240FDD /* FinWalletView.swift */,
			);
			path = Finance;
			sourceTree = "<group>";
		};
		9A4B67482D8BF4498420016D /* Records */ = {
			isa = PBXGroup;
			children = (
				7DB40B8E7714F4878A2B4A3F /* RecNotesView.swift */,
				38A0E4CC76AD29C3A89EE662 /* RecordFormViews.swift */,
				B9C107DD9807B398A641726F /* RecordsHomeView.swift */,
				270620B50F3F00CA9EB885C7 /* RecordsModels.swift */,
			);
			path = Records;
			sourceTree = "<group>";
		};
		A3AC7FFA42BAFCBE59B63BFB /* Agenda */ = {
			isa = PBXGroup;
			children = (
				3A6AD23E7AE579FB3482C68C /* AgendaModels.swift */,
				6C4239C8459754261031FB88 /* AgendaMonthView.swift */,
				427BCD7E8EFA0D3E97D306A3 /* AgendaNewSessionView.swift */,
				536ABD6A6287A79A80413193 /* AgendaSessionDetailView.swift */,
				D5CC9EE47B4D16B4B987A168 /* AgendaView.swift */,
				C2C3751A7ACC9291A6B561A7 /* AgendaWeekView.swift */,
			);
			path = Agenda;
			sourceTree = "<group>";
		};
		CC7AD535F1D781B134AA6685 /* Resources */ = {
			isa = PBXGroup;
			children = (
				EFBB5855CFB70FDC49BEFDDC /* Assets.xcassets */,
				2EDBFF466FB0070EAAF072E7 /* Info.plist */,
				F8F9B5545BEAF9C27F61336E /* TerapiaAcolher.entitlements */,
				2046DA6EB27C16CCBDDC64FC /* TerapiaAcolherRelease.entitlements */,
			);
			path = Resources;
			sourceTree = "<group>";
		};
		D0D13498B26994E3C90B8523 /* Vitrine */ = {
			isa = PBXGroup;
			children = (
				CE819E7AD41C1A53752E9714 /* VitrineModels.swift */,
				440E2C09FB9D18B43DFFFC7E /* VitrineProfileView.swift */,
				56AAC5AE326BCDED2580F132 /* VitrineView.swift */,
			);
			path = Vitrine;
			sourceTree = "<group>";
		};
		E8BA40D7310B97239DDD2F0A /* Auth */ = {
			isa = PBXGroup;
			children = (
				5FC2F6EF4852925C086AE4DB /* AuthComponents.swift */,
				F927E4106A52CE6F67BEAAAF /* AuthForgotPasswordView.swift */,
				06EC09CA419374F8D610EF7E /* AuthRegisterView.swift */,
				A8873019933013DFFFB1133D /* LoginFlowView.swift */,
			);
			path = Auth;
			sourceTree = "<group>";
		};
		EE9ABEE0FC0585E6B63AB22F /* TerapiaAcolherUITests */ = {
			isa = PBXGroup;
			children = (
				BDFB60343805E0A349238A47 /* AiFlowUITests.swift */,
				205F5E639DBAE925963E3835 /* DesignAuditUITests.swift */,
				352ABA2D9A3498B577E4F164 /* LoginOnlyUITests.swift */,
				44AD4BA3621BF9425EC1CC49 /* LogoutDialogUITests.swift */,
				B4BAD228FD3C540AF4186B1F /* SmokeUITests.swift */,
			);
			path = TerapiaAcolherUITests;
			sourceTree = "<group>";
		};
		EEBEA8B464B82E653F76F73A = {
			isa = PBXGroup;
			children = (
				570CD52F39A08A87D5BBB092 /* TerapiaAcolher */,
				EE9ABEE0FC0585E6B63AB22F /* TerapiaAcolherUITests */,
				370F68979CFB45887A50A70D /* Products */,
			);
			sourceTree = "<group>";
		};
		EEF7B99F601D436792CDF132 /* Patients */ = {
			isa = PBXGroup;
			children = (
				3B9847DB566C59DF73787EE0 /* PatientDetailView.swift */,
				CD7CA65A2A5D7613058CF359 /* PatientFormView.swift */,
				C2F6A455F161AADA394EF4EB /* PatientImportView.swift */,
				3EAFADD310E650ABB47216CC /* PatientInviteView.swift */,
				8CA6E6821A5437545E324147 /* PatientMainDataView.swift */,
				A2BB62754D9694D79708E833 /* PatientModels.swift */,
				072C9798DC11D2C096035921 /* PatientsListView.swift */,
			);
			path = Patients;
			sourceTree = "<group>";
		};
		F15CA7DCA86C1D0153DE8A14 /* Leads */ = {
			isa = PBXGroup;
			children = (
				0377288FE401272734328942 /* LeadDetailView.swift */,
				59EC2F5530E2E00E9348098D /* LeadsCheckoutSheet.swift */,
				7173C710F75ACB3A65D24C2F /* LeadsCreditsView.swift */,
				396B0F27E3E0288FA83B3B9E /* LeadsListView.swift */,
				BC36D6F293E32EC2A6F776AE /* LeadsModels.swift */,
				5012CFFF93FF064FD56C73E5 /* LeadsStore.swift */,
			);
			path = Leads;
			sourceTree = "<group>";
		};
		F351645D684D476BDCFAF9B2 /* Core */ = {
			isa = PBXGroup;
			children = (
				5EAC9F04C97656F55DD2394A /* Auth */,
				43F4B986153546FEE48E9D16 /* Network */,
				F75A1C44556486861A779EA2 /* Push */,
				53B99697734D99D9E07FCA03 /* Storage */,
			);
			path = Core;
			sourceTree = "<group>";
		};
		F75A1C44556486861A779EA2 /* Push */ = {
			isa = PBXGroup;
			children = (
				240502A0413DC924044FDCA4 /* PushManager.swift */,
			);
			path = Push;
			sourceTree = "<group>";
		};
		FBD2F3CD0A5FC8F8F67F75C3 /* Dashboard */ = {
			isa = PBXGroup;
			children = (
				BB18CE34C1D0C335D5474293 /* DashboardView.swift */,
				08BC7C70CD62C98716637F27 /* DashModels.swift */,
			);
			path = Dashboard;
			sourceTree = "<group>";
		};
		FE9EDEB78B588408D4BFB5B9 /* DesignSystem */ = {
			isa = PBXGroup;
			children = (
				F99C166FA6BE1FBE9A3BFE98 /* Components.swift */,
				D705A4FBA1AF73A5FAEA767A /* RemoteAvatar.swift */,
				22B1731D2888D6B675ED0C87 /* Skeleton.swift */,
				9668296259B004E93A2F0F89 /* Theme.swift */,
			);
			path = DesignSystem;
			sourceTree = "<group>";
		};
/* End PBXGroup section */

/* Begin PBXNativeTarget section */
		47E4B5D36A2452E77DF30345 /* TerapiaAcolher */ = {
			isa = PBXNativeTarget;
			buildConfigurationList = 0503620DDE854C2B3A6E316C /* Build configuration list for PBXNativeTarget "TerapiaAcolher" */;
			buildPhases = (
				29FDFCBABEA9F716966F57D2 /* Sources */,
				6FFF6660EA8289AB9A07CB9E /* Resources */,
			);
			buildRules = (
			);
			dependencies = (
			);
			name = TerapiaAcolher;
			packageProductDependencies = (
			);
			productName = TerapiaAcolher;
			productReference = A77D84A9675752117D31F213 /* TerapiaAcolher.app */;
			productType = "com.apple.product-type.application";
		};
		871BCE884DEE06605F969B20 /* TerapiaAcolherUITests */ = {
			isa = PBXNativeTarget;
			buildConfigurationList = AE79BA4BD0F3490C593D5BA5 /* Build configuration list for PBXNativeTarget "TerapiaAcolherUITests" */;
			buildPhases = (
				F5041790510A2097FD12F552 /* Sources */,
			);
			buildRules = (
			);
			dependencies = (
				F6341E6A23824B78D8D80B08 /* PBXTargetDependency */,
			);
			name = TerapiaAcolherUITests;
			packageProductDependencies = (
			);
			productName = TerapiaAcolherUITests;
			productReference = 82DE1635A2E3FE74AB93F382 /* TerapiaAcolherUITests.xctest */;
			productType = "com.apple.product-type.bundle.ui-testing";
		};
/* End PBXNativeTarget section */

/* Begin PBXProject section */
		5379200F62E91B2E45A67487 /* Project object */ = {
			isa = PBXProject;
			attributes = {
				BuildIndependentTargetsInParallel = YES;
				LastUpgradeCheck = 1430;
				TargetAttributes = {
					47E4B5D36A2452E77DF30345 = {
						DevelopmentTeam = 4JAK4K7U7G;
						ProvisioningStyle = Manual;
					};
					871BCE884DEE06605F969B20 = {
						DevelopmentTeam = 4JAK4K7U7G;
						ProvisioningStyle = Automatic;
						TestTargetID = 47E4B5D36A2452E77DF30345;
					};
				};
			};
			buildConfigurationList = 65761E342F080ACD849581E1 /* Build configuration list for PBXProject "TerapiaAcolher" */;
			developmentRegion = "pt-BR";
			hasScannedForEncodings = 0;
			knownRegions = (
				Base,
				"pt-BR",
			);
			mainGroup = EEBEA8B464B82E653F76F73A;
			minimizedProjectReferenceProxies = 1;
			preferredProjectObjectVersion = 77;
			productRefGroup = 370F68979CFB45887A50A70D /* Products */;
			projectDirPath = "";
			projectRoot = "";
			targets = (
				47E4B5D36A2452E77DF30345 /* TerapiaAcolher */,
				871BCE884DEE06605F969B20 /* TerapiaAcolherUITests */,
			);
		};
/* End PBXProject section */

/* Begin PBXResourcesBuildPhase section */
		6FFF6660EA8289AB9A07CB9E /* Resources */ = {
			isa = PBXResourcesBuildPhase;
			buildActionMask = 2147483647;
			files = (
				458DC8E372ED4A45E7226F87 /* Assets.xcassets in Resources */,
			);
			runOnlyForDeploymentPostprocessing = 0;
		};
/* End PBXResourcesBuildPhase section */

/* Begin PBXSourcesBuildPhase section */
		29FDFCBABEA9F716966F57D2 /* Sources */ = {
			isa = PBXSourcesBuildPhase;
			buildActionMask = 2147483647;
			files = (
				0D4AEB785038CC660BC0971E /* APIClient.swift in Sources */,
				74FB485AE0CF100E8C247B27 /* AgendaModels.swift in Sources */,
				BCAC7313BEF6855C94EB0D82 /* AgendaMonthView.swift in Sources */,
				E08AC507D0CDB50989E8CAD2 /* AgendaNewSessionView.swift in Sources */,
				9C5A2D6030A9DF09BC3BE18C /* AgendaSessionDetailView.swift in Sources */,
				F71B220893C9D8B5C6B0E2D8 /* AgendaView.swift in Sources */,
				807179436B4DF34196267778 /* AgendaWeekView.swift in Sources */,
				4CC72E142DE9A14B6294FC67 /* AuthComponents.swift in Sources */,
				1BB72C1B1937D3208B6B099B /* AuthForgotPasswordView.swift in Sources */,
				FBB931C8CD61AF4358523439 /* AuthRegisterView.swift in Sources */,
				0BA3A80F60729B99283CC24F /* Components.swift in Sources */,
				8107C33634FCAE7F966D4470 /* DashModels.swift in Sources */,
				F9A95DFA5E8089F59A587DCB /* DashboardView.swift in Sources */,
				91A90CF7EF895CC8A1BD6FBC /* DocGenerateView.swift in Sources */,
				A9977DB24E98EA795EBD84AD /* DocumentsHomeView.swift in Sources */,
				78A690582F3CBDB882596B8A /* DocumentsModels.swift in Sources */,
				2B6B48C42A2D06108DC9AC50 /* FilesHomeView.swift in Sources */,
				A97DFF148E13E2636A17C97B /* FilesModels.swift in Sources */,
				AF5332356FCCD3E7AEDCF20E /* FinChargeDetailView.swift in Sources */,
				4EC38F7D17E6BD78A541FA40 /* FinChargeFormView.swift in Sources */,
				F56CE1EBCDB0FB9030FA5FFA /* FinChargeLinkSheet.swift in Sources */,
				40F18649584AB33299A43D18 /* FinChargesView.swift in Sources */,
				6AD30657F7B1D9B92EF167E8 /* FinTransactionFormView.swift in Sources */,
				4A4765DDF358E15D1687DCA1 /* FinWalletView.swift in Sources */,
				687DBF263267656969102365 /* FinanceHomeView.swift in Sources */,
				F6BB08DCF8BD12AF887CFD8E /* FinanceModels.swift in Sources */,
				A624BE0A5B54B0E3A8407E48 /* FinanceShared.swift in Sources */,
				7EA5A2064CFF61D533B69F87 /* Keychain.swift in Sources */,
				A5318F649346084D0A4F1BC2 /* LeadDetailView.swift in Sources */,
				18ADB07BB6FD98EAEA9299D5 /* LeadsCheckoutSheet.swift in Sources */,
				255F8DA4CB2D23CAA223AB6D /* LeadsCreditsView.swift in Sources */,
				2B178361140F9AE7D9E98E8B /* LeadsListView.swift in Sources */,
				631E80EB62E890DFEEA7025E /* LeadsModels.swift in Sources */,
				6C2B9887821B69F4C7BAC3B2 /* LeadsStore.swift in Sources */,
				65B1D6AC209FBB9F131110EF /* LoginFlowView.swift in Sources */,
				8F09E21C11FC26334AEB157E /* MainShellView.swift in Sources */,
				696E7D2A9F8B874010333E99 /* NetworkMonitor.swift in Sources */,
				38C921926CDF68C65473C368 /* NotificationsView.swift in Sources */,
				3482D9BC4012A09AC56B15B7 /* PatientDetailView.swift in Sources */,
				F822337F8E4F33E5AD6C41E9 /* PatientFormView.swift in Sources */,
				19E6275F147F8C90568BF650 /* PatientImportView.swift in Sources */,
				BD65EE0A0DC9A3DE82D4C2DD /* PatientInviteView.swift in Sources */,
				93C857D2F23A9DD26F0A4F55 /* PatientMainDataView.swift in Sources */,
				459B04B35A8F8830B6599151 /* PatientModels.swift in Sources */,
				F80393D15732389739B6A80D /* PatientsListView.swift in Sources */,
				A1AAAFD10C8847E502F7239A /* PushManager.swift in Sources */,
				F1A7201AC6578B0E00A8B427 /* PushOptInSheet.swift in Sources */,
				0BEB9CB4AE7EF3AF1D7A5579 /* RecNotesView.swift in Sources */,
				84FBAE960242C07A997EA92C /* RecordFormViews.swift in Sources */,
				6EAD3A80068BBA084E4DDDB4 /* RecordsHomeView.swift in Sources */,
				E190B6603A16A6D8F354C80B /* RecordsModels.swift in Sources */,
				8BFB66D3F08EA932DFD1C5DD /* RemoteAvatar.swift in Sources */,
				6E5221EDAF735C8733EE9C20 /* SessionStore.swift in Sources */,
				2BF58C1F88428F92113CFE20 /* SetAgendaView.swift in Sources */,
				C7FC031779E0C71A2A0BC680 /* SetChangePasswordView.swift in Sources */,
				86D5C6F834CC87360ABE2AD4 /* SetDeleteAccountView.swift in Sources */,
				E95E11420886720B54F77A4F /* SetGoogleView.swift in Sources */,
				4E19B3EE4AB9D9F96AB7AF10 /* SetGroupsView.swift in Sources */,
				7B24099169F89E4F8D0683D6 /* SetModels.swift in Sources */,
				5FBF0B1AE8BC02807F701972 /* SetOfficeView.swift in Sources */,
				60E73004478C5541FAE16BD6 /* SetProfileView.swift in Sources */,
				3E042D3BEAC4CD50F9C2110C /* SetSignatureCanvasView.swift in Sources */,
				A9A898CB825ED343C4CEA929 /* SetTemplateEditorView.swift in Sources */,
				F472883B3ADF860906548A01 /* SetTemplatesListView.swift in Sources */,
				6B95BDF5C1A48CFB95FE01D7 /* SettingsHomeView.swift in Sources */,
				1A387C9314EAE346F3C5EE61 /* Skeleton.swift in Sources */,
				68F95008DD2D9D159BD00EFC /* TerapiaAcolherApp.swift in Sources */,
				3CCAF35FA2DC109DFB0F5732 /* Theme.swift in Sources */,
				A69A560AA3CD0298FEBCC25D /* VitrineModels.swift in Sources */,
				76910CA929B7F840C92DCFB0 /* VitrineProfileView.swift in Sources */,
				C33805A8046A3C02A1A552F6 /* VitrineView.swift in Sources */,
			);
			runOnlyForDeploymentPostprocessing = 0;
		};
		F5041790510A2097FD12F552 /* Sources */ = {
			isa = PBXSourcesBuildPhase;
			buildActionMask = 2147483647;
			files = (
				E5F190A4DD3FD0D07F4FAC27 /* AiFlowUITests.swift in Sources */,
				7F68A4F8E126B765B061E9E1 /* DesignAuditUITests.swift in Sources */,
				87BAA306CD43A2F29E3E3888 /* LoginOnlyUITests.swift in Sources */,
				C75922ABA43C6D783269C2FC /* LogoutDialogUITests.swift in Sources */,
				33C660AED734907472507A9D /* SmokeUITests.swift in Sources */,
			);
			runOnlyForDeploymentPostprocessing = 0;
		};
/* End PBXSourcesBuildPhase section */

/* Begin PBXTargetDependency section */
		F6341E6A23824B78D8D80B08 /* PBXTargetDependency */ = {
			isa = PBXTargetDependency;
			target = 47E4B5D36A2452E77DF30345 /* TerapiaAcolher */;
			targetProxy = D2818F6DE3DB2675B815E6DF /* PBXContainerItemProxy */;
		};
/* End PBXTargetDependency section */

/* Begin XCBuildConfiguration section */
		21C47E4EA88B9045BD75A18F /* Debug */ = {
			isa = XCBuildConfiguration;
			buildSettings = {
				BUNDLE_LOADER = "$(TEST_HOST)";
				GENERATE_INFOPLIST_FILE = YES;
				LD_RUNPATH_SEARCH_PATHS = (
					"$(inherited)",
					"@executable_path/Frameworks",
					"@loader_path/Frameworks",
				);
				PRODUCT_BUNDLE_IDENTIFIER = com.ccypher.terapiaacolher.uitests;
				SDKROOT = iphoneos;
				TARGETED_DEVICE_FAMILY = "1,2";
				TEST_TARGET_NAME = TerapiaAcolher;
			};
			name = Debug;
		};
		47DDE2CAA5EEDBE400E8770B /* Release */ = {
			isa = XCBuildConfiguration;
			buildSettings = {
				BUNDLE_LOADER = "$(TEST_HOST)";
				GENERATE_INFOPLIST_FILE = YES;
				LD_RUNPATH_SEARCH_PATHS = (
					"$(inherited)",
					"@executable_path/Frameworks",
					"@loader_path/Frameworks",
				);
				PRODUCT_BUNDLE_IDENTIFIER = com.ccypher.terapiaacolher.uitests;
				SDKROOT = iphoneos;
				TARGETED_DEVICE_FAMILY = "1,2";
				TEST_TARGET_NAME = TerapiaAcolher;
			};
			name = Release;
		};
		85A1D934540809641AAEF57A /* Debug */ = {
			isa = XCBuildConfiguration;
			buildSettings = {
				ASSETCATALOG_COMPILER_APPICON_NAME = AppIcon;
				CODE_SIGN_ENTITLEMENTS = TerapiaAcolher/Resources/TerapiaAcolher.entitlements;
				CODE_SIGN_IDENTITY = "Apple Development";
				"CODE_SIGN_IDENTITY[sdk=iphoneos*]" = "Apple Distribution";
				CODE_SIGN_STYLE = Manual;
				CURRENT_PROJECT_VERSION = 5;
				"DEVELOPMENT_TEAM[sdk=iphoneos*]" = 4JAK4K7U7G;
				INFOPLIST_FILE = TerapiaAcolher/Resources/Info.plist;
				LD_RUNPATH_SEARCH_PATHS = (
					"$(inherited)",
					"@executable_path/Frameworks",
				);
				MARKETING_VERSION = 1.0.0;
				PRODUCT_BUNDLE_IDENTIFIER = com.ccypher.terapiaacolher;
				"PROVISIONING_PROFILE_SPECIFIER[sdk=iphoneos*]" = "Terapia Acolher App Store";
				SDKROOT = iphoneos;
				SUPPORTS_MAC_DESIGNED_FOR_IPHONE_IPAD = NO;
				SUPPORTS_XR_DESIGNED_FOR_IPHONE_IPAD = NO;
				TARGETED_DEVICE_FAMILY = 1;
			};
			name = Debug;
		};
		AFCEE3A5126BF4F3711ACEB6 /* Release */ = {
			isa = XCBuildConfiguration;
			buildSettings = {
				ASSETCATALOG_COMPILER_APPICON_NAME = AppIcon;
				CODE_SIGN_ENTITLEMENTS = TerapiaAcolher/Resources/TerapiaAcolherRelease.entitlements;
				CODE_SIGN_IDENTITY = "Apple Development";
				"CODE_SIGN_IDENTITY[sdk=iphoneos*]" = "Apple Distribution";
				CODE_SIGN_STYLE = Manual;
				CURRENT_PROJECT_VERSION = 5;
				"DEVELOPMENT_TEAM[sdk=iphoneos*]" = 4JAK4K7U7G;
				INFOPLIST_FILE = TerapiaAcolher/Resources/Info.plist;
				LD_RUNPATH_SEARCH_PATHS = (
					"$(inherited)",
					"@executable_path/Frameworks",
				);
				MARKETING_VERSION = 1.0.0;
				PRODUCT_BUNDLE_IDENTIFIER = com.ccypher.terapiaacolher;
				"PROVISIONING_PROFILE_SPECIFIER[sdk=iphoneos*]" = "Terapia Acolher App Store";
				SDKROOT = iphoneos;
				SUPPORTS_MAC_DESIGNED_FOR_IPHONE_IPAD = NO;
				SUPPORTS_XR_DESIGNED_FOR_IPHONE_IPAD = NO;
				TARGETED_DEVICE_FAMILY = 1;
			};
			name = Release;
		};
		D842E26EDAFBE2554AE3A28A /* Release */ = {
			isa = XCBuildConfiguration;
			buildSettings = {
				ALWAYS_SEARCH_USER_PATHS = NO;
				CLANG_ANALYZER_NONNULL = YES;
				CLANG_ANALYZER_NUMBER_OBJECT_CONVERSION = YES_AGGRESSIVE;
				CLANG_CXX_LANGUAGE_STANDARD = "gnu++14";
				CLANG_CXX_LIBRARY = "libc++";
				CLANG_ENABLE_MODULES = YES;
				CLANG_ENABLE_OBJC_ARC = YES;
				CLANG_ENABLE_OBJC_WEAK = YES;
				CLANG_WARN_BLOCK_CAPTURE_AUTORELEASING = YES;
				CLANG_WARN_BOOL_CONVERSION = YES;
				CLANG_WARN_COMMA = YES;
				CLANG_WARN_CONSTANT_CONVERSION = YES;
				CLANG_WARN_DEPRECATED_OBJC_IMPLEMENTATIONS = YES;
				CLANG_WARN_DIRECT_OBJC_ISA_USAGE = YES_ERROR;
				CLANG_WARN_DOCUMENTATION_COMMENTS = YES;
				CLANG_WARN_EMPTY_BODY = YES;
				CLANG_WARN_ENUM_CONVERSION = YES;
				CLANG_WARN_INFINITE_RECURSION = YES;
				CLANG_WARN_INT_CONVERSION = YES;
				CLANG_WARN_NON_LITERAL_NULL_CONVERSION = YES;
				CLANG_WARN_OBJC_IMPLICIT_RETAIN_SELF = YES;
				CLANG_WARN_OBJC_LITERAL_CONVERSION = YES;
				CLANG_WARN_OBJC_ROOT_CLASS = YES_ERROR;
				CLANG_WARN_QUOTED_INCLUDE_IN_FRAMEWORK_HEADER = YES;
				CLANG_WARN_RANGE_LOOP_ANALYSIS = YES;
				CLANG_WARN_STRICT_PROTOTYPES = YES;
				CLANG_WARN_SUSPICIOUS_MOVE = YES;
				CLANG_WARN_UNGUARDED_AVAILABILITY = YES_AGGRESSIVE;
				CLANG_WARN_UNREACHABLE_CODE = YES;
				CLANG_WARN__DUPLICATE_METHOD_MATCH = YES;
				CODE_SIGN_STYLE = Automatic;
				COPY_PHASE_STRIP = NO;
				DEBUG_INFORMATION_FORMAT = "dwarf-with-dsym";
				DEVELOPMENT_TEAM = 4JAK4K7U7G;
				ENABLE_NS_ASSERTIONS = NO;
				ENABLE_STRICT_OBJC_MSGSEND = YES;
				GCC_C_LANGUAGE_STANDARD = gnu11;
				GCC_NO_COMMON_BLOCKS = YES;
				GCC_WARN_64_TO_32_BIT_CONVERSION = YES;
				GCC_WARN_ABOUT_RETURN_TYPE = YES_ERROR;
				GCC_WARN_UNDECLARED_SELECTOR = YES;
				GCC_WARN_UNINITIALIZED_AUTOS = YES_AGGRESSIVE;
				GCC_WARN_UNUSED_FUNCTION = YES;
				GCC_WARN_UNUSED_VARIABLE = YES;
				INFOPLIST_KEY_NSAppTransportSecurity_NSAllowsLocalNetworking = YES;
				INFOPLIST_KEY_UILaunchScreen_Generation = YES;
				INFOPLIST_KEY_UISupportedInterfaceOrientations = UIInterfaceOrientationPortrait;
				IPHONEOS_DEPLOYMENT_TARGET = 17.0;
				MTL_ENABLE_DEBUG_INFO = NO;
				MTL_FAST_MATH = YES;
				PRODUCT_NAME = "$(TARGET_NAME)";
				SDKROOT = iphoneos;
				SWIFT_COMPILATION_MODE = wholemodule;
				SWIFT_OPTIMIZATION_LEVEL = "-O";
				SWIFT_VERSION = 5.10;
			};
			name = Release;
		};
		E0C3A6F9081FC86F0FD8E651 /* Debug */ = {
			isa = XCBuildConfiguration;
			buildSettings = {
				ALWAYS_SEARCH_USER_PATHS = NO;
				CLANG_ANALYZER_NONNULL = YES;
				CLANG_ANALYZER_NUMBER_OBJECT_CONVERSION = YES_AGGRESSIVE;
				CLANG_CXX_LANGUAGE_STANDARD = "gnu++14";
				CLANG_CXX_LIBRARY = "libc++";
				CLANG_ENABLE_MODULES = YES;
				CLANG_ENABLE_OBJC_ARC = YES;
				CLANG_ENABLE_OBJC_WEAK = YES;
				CLANG_WARN_BLOCK_CAPTURE_AUTORELEASING = YES;
				CLANG_WARN_BOOL_CONVERSION = YES;
				CLANG_WARN_COMMA = YES;
				CLANG_WARN_CONSTANT_CONVERSION = YES;
				CLANG_WARN_DEPRECATED_OBJC_IMPLEMENTATIONS = YES;
				CLANG_WARN_DIRECT_OBJC_ISA_USAGE = YES_ERROR;
				CLANG_WARN_DOCUMENTATION_COMMENTS = YES;
				CLANG_WARN_EMPTY_BODY = YES;
				CLANG_WARN_ENUM_CONVERSION = YES;
				CLANG_WARN_INFINITE_RECURSION = YES;
				CLANG_WARN_INT_CONVERSION = YES;
				CLANG_WARN_NON_LITERAL_NULL_CONVERSION = YES;
				CLANG_WARN_OBJC_IMPLICIT_RETAIN_SELF = YES;
				CLANG_WARN_OBJC_LITERAL_CONVERSION = YES;
				CLANG_WARN_OBJC_ROOT_CLASS = YES_ERROR;
				CLANG_WARN_QUOTED_INCLUDE_IN_FRAMEWORK_HEADER = YES;
				CLANG_WARN_RANGE_LOOP_ANALYSIS = YES;
				CLANG_WARN_STRICT_PROTOTYPES = YES;
				CLANG_WARN_SUSPICIOUS_MOVE = YES;
				CLANG_WARN_UNGUARDED_AVAILABILITY = YES_AGGRESSIVE;
				CLANG_WARN_UNREACHABLE_CODE = YES;
				CLANG_WARN__DUPLICATE_METHOD_MATCH = YES;
				CODE_SIGN_STYLE = Automatic;
				COPY_PHASE_STRIP = NO;
				DEBUG_INFORMATION_FORMAT = dwarf;
				DEVELOPMENT_TEAM = 4JAK4K7U7G;
				ENABLE_STRICT_OBJC_MSGSEND = YES;
				ENABLE_TESTABILITY = YES;
				GCC_C_LANGUAGE_STANDARD = gnu11;
				GCC_DYNAMIC_NO_PIC = NO;
				GCC_NO_COMMON_BLOCKS = YES;
				GCC_OPTIMIZATION_LEVEL = 0;
				GCC_PREPROCESSOR_DEFINITIONS = (
					"$(inherited)",
					"DEBUG=1",
				);
				GCC_WARN_64_TO_32_BIT_CONVERSION = YES;
				GCC_WARN_ABOUT_RETURN_TYPE = YES_ERROR;
				GCC_WARN_UNDECLARED_SELECTOR = YES;
				GCC_WARN_UNINITIALIZED_AUTOS = YES_AGGRESSIVE;
				GCC_WARN_UNUSED_FUNCTION = YES;
				GCC_WARN_UNUSED_VARIABLE = YES;
				INFOPLIST_KEY_NSAppTransportSecurity_NSAllowsLocalNetworking = YES;
				INFOPLIST_KEY_UILaunchScreen_Generation = YES;
				INFOPLIST_KEY_UISupportedInterfaceOrientations = UIInterfaceOrientationPortrait;
				IPHONEOS_DEPLOYMENT_TARGET = 17.0;
				MTL_ENABLE_DEBUG_INFO = INCLUDE_SOURCE;
				MTL_FAST_MATH = YES;
				ONLY_ACTIVE_ARCH = YES;
				PRODUCT_NAME = "$(TARGET_NAME)";
				SDKROOT = iphoneos;
				SWIFT_ACTIVE_COMPILATION_CONDITIONS = DEBUG;
				SWIFT_OPTIMIZATION_LEVEL = "-Onone";
				SWIFT_VERSION = 5.10;
			};
			name = Debug;
		};
/* End XCBuildConfiguration section */

/* Begin XCConfigurationList section */
		0503620DDE854C2B3A6E316C /* Build configuration list for PBXNativeTarget "TerapiaAcolher" */ = {
			isa = XCConfigurationList;
			buildConfigurations = (
				85A1D934540809641AAEF57A /* Debug */,
				AFCEE3A5126BF4F3711ACEB6 /* Release */,
			);
			defaultConfigurationIsVisible = 0;
			defaultConfigurationName = Debug;
		};
		65761E342F080ACD849581E1 /* Build configuration list for PBXProject "TerapiaAcolher" */ = {
			isa = XCConfigurationList;
			buildConfigurations = (
				E0C3A6F9081FC86F0FD8E651 /* Debug */,
				D842E26EDAFBE2554AE3A28A /* Release */,
			);
			defaultConfigurationIsVisible = 0;
			defaultConfigurationName = Debug;
		};
		AE79BA4BD0F3490C593D5BA5 /* Build configuration list for PBXNativeTarget "TerapiaAcolherUITests" */ = {
			isa = XCConfigurationList;
			buildConfigurations = (
				21C47E4EA88B9045BD75A18F /* Debug */,
				47DDE2CAA5EEDBE400E8770B /* Release */,
			);
			defaultConfigurationIsVisible = 0;
			defaultConfigurationName = Debug;
		};
/* End XCConfigurationList section */
	};
	rootObject = 5379200F62E91B2E45A67487 /* Project object */;
}
